
Microsoft Visual Studio Solution File, Format Version 12.00
# Visual Studio 15
Project("{FAE04EC0-301F-11D3-BF4B-00C04F79EFBC}") = "Xam2.Android", "Xam2.Android\Xam2.Android.csproj", "{C536B0BB-B41A-4EAB-9AA9-3BE58BAD1E83}"
EndProject
Project("{FAE04EC0-301F-11D3-BF4B-00C04F79EFBC}") = "Xam2.iOS", "Xam2.iOS\Xam2.iOS.csproj", "{0828BA98-3D93-41B0-9D92-FA28D1292F6F}"
EndProject
Project("{FAE04EC0-301F-11D3-BF4B-00C04F79EFBC}") = "Xam2", "Xam2\Xam2.csproj", "{8D22EFC5-05F9-4FD7-8A9F-B07E243F1F81}"
EndProject
Global
	GlobalSection(SolutionConfigurationPlatforms) = preSolution
		Debug|Any CPU = Debug|Any CPU
		Release|Any CPU = Release|Any CPU
		Debug|iPhoneSimulator = Debug|iPhoneSimulator
		Release|iPhoneSimulator = Release|iPhoneSimulator
		Debug|iPhone = Debug|iPhone
		Release|iPhone = Release|iPhone
	EndGlobalSection
	GlobalSection(ProjectConfigurationPlatforms) = postSolution
		{C536B0BB-B41A-4EAB-9AA9-3BE58BAD1E83}.Debug|Any CPU.ActiveCfg = Debug|Any CPU
		{C536B0BB-B41A-4EAB-9AA9-3BE58BAD1E83}.Debug|Any CPU.Build.0 = Debug|Any CPU
		{C536B0BB-B41A-4EAB-9AA9-3BE58BAD1E83}.Release|Any CPU.ActiveCfg = Release|Any CPU
		{C536B0BB-B41A-4EAB-9AA9-3BE58BAD1E83}.Release|Any CPU.Build.0 = Release|Any CPU
		{C536B0BB-B41A-4EAB-9AA9-3BE58BAD1E83}.Debug|iPhoneSimulator.ActiveCfg = Debug|Any CPU
		{C536B0BB-B41A-4EAB-9AA9-3BE58BAD1E83}.Debug|iPhoneSimulator.Build.0 = Debug|Any CPU
		{C536B0BB-B41A-4EAB-9AA9-3BE58BAD1E83}.Release|iPhoneSimulator.ActiveCfg = Release|Any CPU
		{C536B0BB-B41A-4EAB-9AA9-3BE58BAD1E83}.Release|iPhoneSimulator.Build.0 = Release|Any CPU
		{C536B0BB-B41A-4EAB-9AA9-3BE58BAD1E83}.Debug|iPhone.ActiveCfg = Debug|Any CPU
		{C536B0BB-B41A-4EAB-9AA9-3BE58BAD1E83}.Debug|iPhone.Build.0 = Debug|Any CPU
		{C536B0BB-B41A-4EAB-9AA9-3BE58BAD1E83}.Release|iPhone.ActiveCfg = Release|Any CPU
		{C536B0BB-B41A-4EAB-9AA9-3BE58BAD1E83}.Release|iPhone.Build.0 = Release|Any CPU
		{0828BA98-3D93-41B0-9D92-FA28D1292F6F}.Debug|Any CPU.ActiveCfg = Debug|iPhoneSimulator
		{0828BA98-3D93-41B0-9D92-FA28D1292F6F}.Debug|Any CPU.Build.0 = Debug|iPhoneSimulator
		{0828BA98-3D93-41B0-9D92-FA28D1292F6F}.Release|Any CPU.ActiveCfg = Release|iPhoneSimulator
		{0828BA98-3D93-41B0-9D92-FA28D1292F6F}.Release|Any CPU.Build.0 = Release|iPhoneSimulator
		{0828BA98-3D93-41B0-9D92-FA28D1292F6F}.Debug|iPhoneSimulator.ActiveCfg = Debug|iPhoneSimulator
		{0828BA98-3D93-41B0-9D92-FA28D1292F6F}.Debug|iPhoneSimulator.Build.0 = Debug|iPhoneSimulator
		{0828BA98-3D93-41B0-9D92-FA28D1292F6F}.Release|iPhoneSimulator.ActiveCfg = Release|iPhoneSimulator
		{0828BA98-3D93-41B0-9D92-FA28D1292F6F}.Release|iPhoneSimulator.Build.0 = Release|iPhoneSimulator
		{0828BA98-3D93-41B0-9D92-FA28D1292F6F}.Debug|iPhone.ActiveCfg = Debug|iPhone
		{0828BA98-3D93-41B0-9D92-FA28D1292F6F}.Debug|iPhone.Build.0 = Debug|iPhone
		{0828BA98-3D93-41B0-9D92-FA28D1292F6F}.Release|iPhone.ActiveCfg = Release|iPhone
		{0828BA98-3D93-41B0-9D92-FA28D1292F6F}.Release|iPhone.Build.0 = Release|iPhone
		{8D22EFC5-05F9-4FD7-8A9F-B07E243F1F81}.Debug|Any CPU.ActiveCfg = Debug|Any CPU
		{8D22EFC5-05F9-4FD7-8A9F-B07E243F1F81}.Debug|Any CPU.Build.0 = Debug|Any CPU
		{8D22EFC5-05F9-4FD7-8A9F-B07E243F1F81}.Release|Any CPU.ActiveCfg = Release|Any CPU
		{8D22EFC5-05F9-4FD7-8A9F-B07E243F1F81}.Release|Any CPU.Build.0 = Release|Any CPU
		{8D22EFC5-05F9-4FD7-8A9F-B07E243F1F81}.Debug|iPhoneSimulator.ActiveCfg = Debug|Any CPU
		{8D22EFC5-05F9-4FD7-8A9F-B07E243F1F81}.Debug|iPhoneSimulator.Build.0 = Debug|Any CPU
		{8D22EFC5-05F9-4FD7-8A9F-B07E243F1F81}.Release|iPhoneSimulator.ActiveCfg = Release|Any CPU
		{8D22EFC5-05F9-4FD7-8A9F-B07E243F1F81}.Release|iPhoneSimulator.Build.0 = Release|Any CPU
		{8D22EFC5-05F9-4FD7-8A9F-B07E243F1F81}.Debug|iPhone.ActiveCfg = Debug|Any CPU
		{8D22EFC5-05F9-4FD7-8A9F-B07E243F1F81}.Debug|iPhone.Build.0 = Debug|Any CPU
		{8D22EFC5-05F9-4FD7-8A9F-B07E243F1F81}.Release|iPhone.ActiveCfg = Release|Any CPU
		{8D22EFC5-05F9-4FD7-8A9F-B07E243F1F81}.Release|iPhone.Build.0 = Release|Any CPU
	EndGlobalSection
EndGlobal
